
Microsoft Visual Studio Solution File, Format Version 12.00
# Visual Studio Version 17
VisualStudioVersion = 17.4.33205.214
MinimumVisualStudioVersion = 10.0.40219.1
Project("{9A19103F-16F7-4668-BE54-9A1E7A4F7556}") = "NutriInfo", "NutriInfo\NutriInfo.csproj", "{7D46652F-2FC0-4942-8D1F-F4A76C16343F}"
EndProject
Project("{FAE04EC0-301F-11D3-BF4B-00C04F79EFBC}") = "NutriInfoTest", "NutriInfoTest\NutriInfoTest.csproj", "{2BAC2778-CEEC-437E-8F22-7C66A9E1F232}"
EndProject
Global
	GlobalSection(SolutionConfigurationPlatforms) = preSolution
		Debug|Any CPU = Debug|Any CPU
		Release|Any CPU = Release|Any CPU
	EndGlobalSection
	GlobalSection(ProjectConfigurationPlatforms) = postSolution
		{7D46652F-2FC0-4942-8D1F-F4A76C16343F}.Debug|Any CPU.ActiveCfg = Debug|Any CPU
		{7D46652F-2FC0-4942-8D1F-F4A76C16343F}.Debug|Any CPU.Build.0 = Debug|Any CPU
		{7D46652F-2FC0-4942-8D1F-F4A76C16343F}.Release|Any CPU.ActiveCfg = Release|Any CPU
		{7D46652F-2FC0-4942-8D1F-F4A76C16343F}.Release|Any CPU.Build.0 = Release|Any CPU
		{2BAC2778-CEEC-437E-8F22-7C66A9E1F232}.Debug|Any CPU.ActiveCfg = Debug|Any CPU
		{2BAC2778-CEEC-437E-8F22-7C66A9E1F232}.Debug|Any CPU.Build.0 = Debug|Any CPU
		{2BAC2778-CEEC-437E-8F22-7C66A9E1F232}.Release|Any CPU.ActiveCfg = Release|Any CPU
		{2BAC2778-CEEC-437E-8F22-7C66A9E1F232}.Release|Any CPU.Build.0 = Release|Any CPU
	EndGlobalSection
	GlobalSection(SolutionProperties) = preSolution
		HideSolutionNode = FALSE
	EndGlobalSection
	GlobalSection(ExtensibilityGlobals) = postSolution
		SolutionGuid = {3DBE5ED5-ED9D-4516-B388-6B84E9ED5913}
	EndGlobalSection
EndGlobal
